
Microsoft Visual Studio Solution File, Format Version 12.00
# Visual Studio Version 16
VisualStudioVersion = 16.0.29325.168
MinimumVisualStudioVersion = 10.0.40219.1
Project("{2150E333-8FDC-42A3-9474-1A3956D46DE8}") = "Specification", "Specification", "{203C5390-C86A-427B-A79C-A409B8945B94}"
	ProjectSection(SolutionItems) = preProject
		spec\Darwin Language Specification.md = spec\Darwin Language Specification.md
	EndProjectSection
EndProject
Project("{9A19103F-16F7-4668-BE54-9A1E7A4F7556}") = "Language", "src\Language\Language.csproj", "{90195E93-75D5-41D5-8EDE-4308CC832F4B}"
EndProject
Project("{9A19103F-16F7-4668-BE54-9A1E7A4F7556}") = "Language.UnitTests", "src\Language.UnitTests\Language.UnitTests.csproj", "{F327428A-B251-4A6F-BFB5-7E940DE42E79}"
EndProject
Global
	GlobalSection(SolutionConfigurationPlatforms) = preSolution
		Debug|Any CPU = Debug|Any CPU
		Release|Any CPU = Release|Any CPU
	EndGlobalSection
	GlobalSection(ProjectConfigurationPlatforms) = postSolution
		{90195E93-75D5-41D5-8EDE-4308CC832F4B}.Debug|Any CPU.ActiveCfg = Debug|Any CPU
		{90195E93-75D5-41D5-8EDE-4308CC832F4B}.Debug|Any CPU.Build.0 = Debug|Any CPU
		{90195E93-75D5-41D5-8EDE-4308CC832F4B}.Release|Any CPU.ActiveCfg = Release|Any CPU
		{90195E93-75D5-41D5-8EDE-4308CC832F4B}.Release|Any CPU.Build.0 = Release|Any CPU
		{F327428A-B251-4A6F-BFB5-7E940DE42E79}.Debug|Any CPU.ActiveCfg = Debug|Any CPU
		{F327428A-B251-4A6F-BFB5-7E940DE42E79}.Debug|Any CPU.Build.0 = Debug|Any CPU
		{F327428A-B251-4A6F-BFB5-7E940DE42E79}.Release|Any CPU.ActiveCfg = Release|Any CPU
		{F327428A-B251-4A6F-BFB5-7E940DE42E79}.Release|Any CPU.Build.0 = Release|Any CPU
	EndGlobalSection
	GlobalSection(SolutionProperties) = preSolution
		HideSolutionNode = FALSE
	EndGlobalSection
	GlobalSection(ExtensibilityGlobals) = postSolution
		SolutionGuid = {6347BCEA-CD65-43C4-AFA2-29B25161A8A7}
	EndGlobalSection
EndGlobal
